{
  "name": "example",
  "lockfileVersion": 3,
  "requires": true,
  "packages": {
    "": {
      "dependencies": {
        "@ria-develop/react-esm": "../",
        "react": "../",
        "react-dom": "../"
      }
    },
    "..": {
      "name": "@ria-develop/react-esm",
      "dependencies": {
        "react": "latest",
        "react-dom": "latest"
      },
      "devDependencies": {
        "@types/react": "latest",
        "@types/react-dom": "latest",
        "esbuild": "latest",
        "typescript": "latest"
      }
    },
    "node_modules/@ria-develop/react-esm": {
      "resolved": "..",
      "link": true
    },
    "node_modules/react": {
      "resolved": "..",
      "link": true
    },
    "node_modules/react-dom": {
      "resolved": "..",
      "link": true
    }
  }
}
